
Microsoft Visual Studio Solution File, Format Version 12.00
# Visual Studio Version 16
VisualStudioVersion = 16.0.31624.102
MinimumVisualStudioVersion = 10.0.40219.1
Project("{FAE04EC0-301F-11D3-BF4B-00C04F79EFBC}") = "StudentManager", "StudentManager\StudentManager.csproj", "{C62E8F7E-D445-4AD4-B343-D72966E31E1D}"
EndProject
Global
	GlobalSection(SolutionConfigurationPlatforms) = preSolution
		Debug|Any CPU = Debug|Any CPU
		Release|Any CPU = Release|Any CPU
	EndGlobalSection
	GlobalSection(ProjectConfigurationPlatforms) = postSolution
		{C62E8F7E-D445-4AD4-B343-D72966E31E1D}.Debug|Any CPU.ActiveCfg = Debug|Any CPU
		{C62E8F7E-D445-4AD4-B343-D72966E31E1D}.Debug|Any CPU.Build.0 = Debug|Any CPU
		{C62E8F7E-D445-4AD4-B343-D72966E31E1D}.Release|Any CPU.ActiveCfg = Release|Any CPU
		{C62E8F7E-D445-4AD4-B343-D72966E31E1D}.Release|Any CPU.Build.0 = Release|Any CPU
	EndGlobalSection
	GlobalSection(SolutionProperties) = preSolution
		HideSolutionNode = FALSE
	EndGlobalSection
	GlobalSection(ExtensibilityGlobals) = postSolution
		SolutionGuid = {1046DA0F-65AE-4915-9AFE-B408C87B2DAF}
	EndGlobalSection
EndGlobal
